
Microsoft Visual Studio Solution File, Format Version 12.00
# Visual Studio 15
Project("{FAE04EC0-301F-11D3-BF4B-00C04F79EFBC}") = "SalaGrandene", "Assembly-CSharp.csproj", "{23DA868B-DE3C-029C-EBC2-8DBFE2CEFAE5}"
EndProject
Project("{FAE04EC0-301F-11D3-BF4B-00C04F79EFBC}") = "SalaGrandene", "Assembly-CSharp-Editor.csproj", "{8C5E994C-2587-1361-DF1A-92F59A04A4B6}"
EndProject
Global
	GlobalSection(SolutionConfigurationPlatforms) = preSolution
		Debug|Any CPU = Debug|Any CPU
		Release|Any CPU = Release|Any CPU
	EndGlobalSection
	GlobalSection(ProjectConfigurationPlatforms) = postSolution
		{23DA868B-DE3C-029C-EBC2-8DBFE2CEFAE5}.Debug|Any CPU.ActiveCfg = Debug|Any CPU
		{23DA868B-DE3C-029C-EBC2-8DBFE2CEFAE5}.Debug|Any CPU.Build.0 = Debug|Any CPU
		{23DA868B-DE3C-029C-EBC2-8DBFE2CEFAE5}.Release|Any CPU.ActiveCfg = Release|Any CPU
		{23DA868B-DE3C-029C-EBC2-8DBFE2CEFAE5}.Release|Any CPU.Build.0 = Release|Any CPU
		{8C5E994C-2587-1361-DF1A-92F59A04A4B6}.Debug|Any CPU.ActiveCfg = Debug|Any CPU
		{8C5E994C-2587-1361-DF1A-92F59A04A4B6}.Debug|Any CPU.Build.0 = Debug|Any CPU
		{8C5E994C-2587-1361-DF1A-92F59A04A4B6}.Release|Any CPU.ActiveCfg = Release|Any CPU
		{8C5E994C-2587-1361-DF1A-92F59A04A4B6}.Release|Any CPU.Build.0 = Release|Any CPU
	EndGlobalSection
	GlobalSection(SolutionProperties) = preSolution
		HideSolutionNode = FALSE
	EndGlobalSection
EndGlobal
